
Microsoft Visual Studio Solution File, Format Version 12.00
# Visual Studio Version 18
VisualStudioVersion = 18.3.11222.16 d18.3
MinimumVisualStudioVersion = 10.0.40219.1
Project("{2150E333-8FDC-42A3-9474-1A3956D46DE8}") = "Runtimes", "Runtimes", "{BB4FD3E1-BF37-801A-7591-DC4DC6E3BB2D}"
EndProject
Project("{FAE04EC0-301F-11D3-BF4B-00C04F79EFBC}") = "ObjectIR.Core", "Runtimes\ObjectIR.Core\ObjectIR.Core.csproj", "{6CBD2B31-E852-F5D3-2358-5A67BA927DFC}"
EndProject
Project("{FAE04EC0-301F-11D3-BF4B-00C04F79EFBC}") = "SharpIR", "Runtimes\SharpIR\SharpIR.csproj", "{85B5198C-67E1-B393-D41D-ABA6D2417A6C}"
EndProject
Project("{FAE04EC0-301F-11D3-BF4B-00C04F79EFBC}") = "thingy", "Runtimes\thingy\thingy.csproj", "{9DD3D9F1-2D7B-4FBA-8B5B-BA62DCFF4F4E}"
EndProject
Project("{FAE04EC0-301F-11D3-BF4B-00C04F79EFBC}") = "OCRuntime", "OCRuntime\OCRuntime.csproj", "{BB5515B1-17AB-4100-8BFF-9372B5620900}"
EndProject
Global
	GlobalSection(SolutionConfigurationPlatforms) = preSolution
		Debug|Any CPU = Debug|Any CPU
		Debug|x64 = Debug|x64
		Debug|x86 = Debug|x86
		Release|Any CPU = Release|Any CPU
		Release|x64 = Release|x64
		Release|x86 = Release|x86
	EndGlobalSection
	GlobalSection(ProjectConfigurationPlatforms) = postSolution
		{6CBD2B31-E852-F5D3-2358-5A67BA927DFC}.Debug|Any CPU.ActiveCfg = Debug|Any CPU
		{6CBD2B31-E852-F5D3-2358-5A67BA927DFC}.Debug|Any CPU.Build.0 = Debug|Any CPU
		{6CBD2B31-E852-F5D3-2358-5A67BA927DFC}.Debug|x64.ActiveCfg = Debug|Any CPU
		{6CBD2B31-E852-F5D3-2358-5A67BA927DFC}.Debug|x64.Build.0 = Debug|Any CPU
		{6CBD2B31-E852-F5D3-2358-5A67BA927DFC}.Debug|x86.ActiveCfg = Debug|Any CPU
		{6CBD2B31-E852-F5D3-2358-5A67BA927DFC}.Debug|x86.Build.0 = Debug|Any CPU
		{6CBD2B31-E852-F5D3-2358-5A67BA927DFC}.Release|Any CPU.ActiveCfg = Release|Any CPU
		{6CBD2B31-E852-F5D3-2358-5A67BA927DFC}.Release|Any CPU.Build.0 = Release|Any CPU
		{6CBD2B31-E852-F5D3-2358-5A67BA927DFC}.Release|x64.ActiveCfg = Release|Any CPU
		{6CBD2B31-E852-F5D3-2358-5A67BA927DFC}.Release|x64.Build.0 = Release|Any CPU
		{6CBD2B31-E852-F5D3-2358-5A67BA927DFC}.Release|x86.ActiveCfg = Release|Any CPU
		{6CBD2B31-E852-F5D3-2358-5A67BA927DFC}.Release|x86.Build.0 = Release|Any CPU
		{85B5198C-67E1-B393-D41D-ABA6D2417A6C}.Debug|Any CPU.ActiveCfg = Debug|Any CPU
		{85B5198C-67E1-B393-D41D-ABA6D2417A6C}.Debug|Any CPU.Build.0 = Debug|Any CPU
		{85B5198C-67E1-B393-D41D-ABA6D2417A6C}.Debug|x64.ActiveCfg = Debug|Any CPU
		{85B5198C-67E1-B393-D41D-ABA6D2417A6C}.Debug|x64.Build.0 = Debug|Any CPU
		{85B5198C-67E1-B393-D41D-ABA6D2417A6C}.Debug|x86.ActiveCfg = Debug|Any CPU
		{85B5198C-67E1-B393-D41D-ABA6D2417A6C}.Debug|x86.Build.0 = Debug|Any CPU
		{85B5198C-67E1-B393-D41D-ABA6D2417A6C}.Release|Any CPU.ActiveCfg = Release|Any CPU
		{85B5198C-67E1-B393-D41D-ABA6D2417A6C}.Release|Any CPU.Build.0 = Release|Any CPU
		{85B5198C-67E1-B393-D41D-ABA6D2417A6C}.Release|x64.ActiveCfg = Release|Any CPU
		{85B5198C-67E1-B393-D41D-ABA6D2417A6C}.Release|x64.Build.0 = Release|Any CPU
		{85B5198C-67E1-B393-D41D-ABA6D2417A6C}.Release|x86.ActiveCfg = Release|Any CPU
		{85B5198C-67E1-B393-D41D-ABA6D2417A6C}.Release|x86.Build.0 = Release|Any CPU
		{9DD3D9F1-2D7B-4FBA-8B5B-BA62DCFF4F4E}.Debug|Any CPU.ActiveCfg = Debug|Any CPU
		{9DD3D9F1-2D7B-4FBA-8B5B-BA62DCFF4F4E}.Debug|Any CPU.Build.0 = Debug|Any CPU
		{9DD3D9F1-2D7B-4FBA-8B5B-BA62DCFF4F4E}.Debug|x64.ActiveCfg = Debug|Any CPU
		{9DD3D9F1-2D7B-4FBA-8B5B-BA62DCFF4F4E}.Debug|x64.Build.0 = Debug|Any CPU
		{9DD3D9F1-2D7B-4FBA-8B5B-BA62DCFF4F4E}.Debug|x86.ActiveCfg = Debug|Any CPU
		{9DD3D9F1-2D7B-4FBA-8B5B-BA62DCFF4F4E}.Debug|x86.Build.0 = Debug|Any CPU
		{9DD3D9F1-2D7B-4FBA-8B5B-BA62DCFF4F4E}.Release|Any CPU.ActiveCfg = Release|Any CPU
		{9DD3D9F1-2D7B-4FBA-8B5B-BA62DCFF4F4E}.Release|Any CPU.Build.0 = Release|Any CPU
		{9DD3D9F1-2D7B-4FBA-8B5B-BA62DCFF4F4E}.Release|x64.ActiveCfg = Release|Any CPU
		{9DD3D9F1-2D7B-4FBA-8B5B-BA62DCFF4F4E}.Release|x64.Build.0 = Release|Any CPU
		{9DD3D9F1-2D7B-4FBA-8B5B-BA62DCFF4F4E}.Release|x86.ActiveCfg = Release|Any CPU
		{9DD3D9F1-2D7B-4FBA-8B5B-BA62DCFF4F4E}.Release|x86.Build.0 = Release|Any CPU
		{BB5515B1-17AB-4100-8BFF-9372B5620900}.Debug|Any CPU.ActiveCfg = Debug|Any CPU
		{BB5515B1-17AB-4100-8BFF-9372B5620900}.Debug|Any CPU.Build.0 = Debug|Any CPU
		{BB5515B1-17AB-4100-8BFF-9372B5620900}.Debug|x64.ActiveCfg = Debug|Any CPU
		{BB5515B1-17AB-4100-8BFF-9372B5620900}.Debug|x64.Build.0 = Debug|Any CPU
		{BB5515B1-17AB-4100-8BFF-9372B5620900}.Debug|x86.ActiveCfg = Debug|Any CPU
		{BB5515B1-17AB-4100-8BFF-9372B5620900}.Debug|x86.Build.0 = Debug|Any CPU
		{BB5515B1-17AB-4100-8BFF-9372B5620900}.Release|Any CPU.ActiveCfg = Release|Any CPU
		{BB5515B1-17AB-4100-8BFF-9372B5620900}.Release|Any CPU.Build.0 = Release|Any CPU
		{BB5515B1-17AB-4100-8BFF-9372B5620900}.Release|x64.ActiveCfg = Release|Any CPU
		{BB5515B1-17AB-4100-8BFF-9372B5620900}.Release|x64.Build.0 = Release|Any CPU
		{BB5515B1-17AB-4100-8BFF-9372B5620900}.Release|x86.ActiveCfg = Release|Any CPU
		{BB5515B1-17AB-4100-8BFF-9372B5620900}.Release|x86.Build.0 = Release|Any CPU
	EndGlobalSection
	GlobalSection(SolutionProperties) = preSolution
		HideSolutionNode = FALSE
	EndGlobalSection
	GlobalSection(NestedProjects) = preSolution
		{6CBD2B31-E852-F5D3-2358-5A67BA927DFC} = {BB4FD3E1-BF37-801A-7591-DC4DC6E3BB2D}
		{85B5198C-67E1-B393-D41D-ABA6D2417A6C} = {BB4FD3E1-BF37-801A-7591-DC4DC6E3BB2D}
		{9DD3D9F1-2D7B-4FBA-8B5B-BA62DCFF4F4E} = {BB4FD3E1-BF37-801A-7591-DC4DC6E3BB2D}
		{BB5515B1-17AB-4100-8BFF-9372B5620900} = {BB4FD3E1-BF37-801A-7591-DC4DC6E3BB2D}
	EndGlobalSection
	GlobalSection(ExtensibilityGlobals) = postSolution
		SolutionGuid = {EC9F4622-4E90-458D-9484-9DB164D93AC8}
	EndGlobalSection
EndGlobal
